
Microsoft Visual Studio Solution File, Format Version 12.00
# Visual Studio Version 17
VisualStudioVersion = 17.6.33723.286
MinimumVisualStudioVersion = 10.0.40219.1
Project("{FAE04EC0-301F-11D3-BF4B-00C04F79EFBC}") = "HomeWork", "HomeWork.csproj", "{FFF13DF2-CCC8-4182-A9C1-9F2F0ED56F58}"
EndProject
Global
	GlobalSection(SolutionConfigurationPlatforms) = preSolution
		Debug|Any CPU = Debug|Any CPU
		Release|Any CPU = Release|Any CPU
	EndGlobalSection
	GlobalSection(ProjectConfigurationPlatforms) = postSolution
		{FFF13DF2-CCC8-4182-A9C1-9F2F0ED56F58}.Debug|Any CPU.ActiveCfg = Debug|Any CPU
		{FFF13DF2-CCC8-4182-A9C1-9F2F0ED56F58}.Debug|Any CPU.Build.0 = Debug|Any CPU
		{FFF13DF2-CCC8-4182-A9C1-9F2F0ED56F58}.Release|Any CPU.ActiveCfg = Release|Any CPU
		{FFF13DF2-CCC8-4182-A9C1-9F2F0ED56F58}.Release|Any CPU.Build.0 = Release|Any CPU
	EndGlobalSection
	GlobalSection(SolutionProperties) = preSolution
		HideSolutionNode = FALSE
	EndGlobalSection
	GlobalSection(ExtensibilityGlobals) = postSolution
		SolutionGuid = {310820BE-A0DF-409F-AD74-E3F0F7838A1F}
	EndGlobalSection
EndGlobal
